PODS:
  - AppComponent (0.0.2)
  - SDKCommon (0.0.4):
    - Swinject
    - SwinjectAutoregistration
  - Swinject (2.7.1)
  - SwinjectAutoregistration (2.8.1):
    - Swinject (= 2.7.1)

DEPENDENCIES:
  - "AppComponent (from `git@github.com:Felipaugsts/AppComponent.git`)"
  - "SDKCommon (from `git@github.com:Felipaugsts/Common.git`)"

SPEC REPOS:
  trunk:
    - Swinject
    - SwinjectAutoregistration

EXTERNAL SOURCES:
  AppComponent:
    :git: "git@github.com:Felipaugsts/AppComponent.git"
  SDKCommon:
    :git: "git@github.com:Felipaugsts/Common.git"

CHECKOUT OPTIONS:
  AppComponent:
    :commit: eb46e106e6d3e0388a190c1c25aa1b26c1636bd5
    :git: "git@github.com:Felipaugsts/AppComponent.git"
  SDKCommon:
    :commit: 64d668477857fcd32531d18d0b2ff4f4b5a7ac08
    :git: "git@github.com:Felipaugsts/Common.git"

SPEC CHECKSUMS:
  AppComponent: 067c28b1cf037630f10f55a694968dd5001c097e
  SDKCommon: 465cebfaefea59da6ce6527b0cd350c312daae2d
  Swinject: ddf78b8486dd9b71a667b852cad919ab4484478e
  SwinjectAutoregistration: e83e362da3ca9c64a68290e89efbc40e378dff12

PODFILE CHECKSUM: 068a80bcd3261d921e150beebeea17210eb3f52e

COCOAPODS: 1.11.3
